
Microsoft Visual Studio Solution File, Format Version 12.00
# Visual Studio Version 17
VisualStudioVersion = 17.13.35825.156 d17.13
MinimumVisualStudioVersion = 10.0.40219.1
Project("{FAE04EC0-301F-11D3-BF4B-00C04F79EFBC}") = "Practice1", "Practice1\Practice1.csproj", "{AC62412D-4410-4E29-8097-1ABACDEF5411}"
EndProject
Global
	GlobalSection(SolutionConfigurationPlatforms) = preSolution
		Debug|Any CPU = Debug|Any CPU
		Release|Any CPU = Release|Any CPU
	EndGlobalSection
	GlobalSection(ProjectConfigurationPlatforms) = postSolution
		{AC62412D-4410-4E29-8097-1ABACDEF5411}.Debug|Any CPU.ActiveCfg = Debug|Any CPU
		{AC62412D-4410-4E29-8097-1ABACDEF5411}.Debug|Any CPU.Build.0 = Debug|Any CPU
		{AC62412D-4410-4E29-8097-1ABACDEF5411}.Release|Any CPU.ActiveCfg = Release|Any CPU
		{AC62412D-4410-4E29-8097-1ABACDEF5411}.Release|Any CPU.Build.0 = Release|Any CPU
	EndGlobalSection
	GlobalSection(SolutionProperties) = preSolution
		HideSolutionNode = FALSE
	EndGlobalSection
	GlobalSection(ExtensibilityGlobals) = postSolution
		SolutionGuid = {748C90E1-74AA-4A60-834C-2ADE09D0E041}
	EndGlobalSection
EndGlobal
